{
    "_meta": {
        "hash": {
            "sha256": "75928ffafa5846a45076ede860505f26663a1a4ae7ec56cdec66867671b0becf"
        },
        "pipfile-spec": 6,
        "requires": {
            "python_full_version": "3.11.7",
            "python_version": "3.11"
        },
        "sources": [
            {
                "name": "pypi",
                "url": "https://pypi.org/simple",
                "verify_ssl": true
            }
        ]
    },
    "default": {
        "asgiref": {
            "hashes": [
                "sha256:3e1e3ecc849832fe52ccf2cb6686b7a55f82bb1d6aee72a58826471390335e47",
                "sha256:c343bd80a0bec947a9860adb4c432ffa7db769836c64238fc34bdc3fec84d590"
            ],
            "markers": "python_version >= '3.8'",
            "version": "==3.8.1"
        },
        "django": {
            "hashes": [
                "sha256:4bd01a8c830bb77a8a3b0e7d8b25b887e536ad17a81ba2dce5476135c73312bd",
                "sha256:916423499d75d62da7aa038d19aef23d23498d8df229775eb0a6309ee1013775"
            ],
            "index": "pypi",
            "markers": "python_version >= '3.10'",
            "version": "==5.0.4"
        },
        "django-cors-headers": {
            "hashes": [
                "sha256:28c1ded847aa70208798de3e42422a782f427b8b720e8d7319d34b654b5978e6",
                "sha256:6c01a85cf1ec779a7bde621db853aa3ce5c065a5ba8e27df7a9f9e8dac310f4f"
            ],
            "index": "pypi",
            "markers": "python_version >= '3.9'",
            "version": "==4.5.0"
        },
        "django-filter": {
            "hashes": [
                "sha256:c4852822928ce17fb699bcfccd644b3574f1a2d80aeb2b4ff4f16b02dd49dc64",
                "sha256:d8ccaf6732afd21ca0542f6733b11591030fa98669f8d15599b358e24a2cd9c3"
            ],
            "index": "pypi",
            "markers": "python_version >= '3.8'",
            "version": "==24.3"
        },
        "djangorestframework": {
            "hashes": [
                "sha256:3ccc0475bce968608cf30d07fb17d8e52d1d7fc8bfe779c905463200750cbca6",
                "sha256:f88fad74183dfc7144b2756d0d2ac716ea5b4c7c9840995ac3bfd8ec034333c1"
            ],
            "index": "pypi",
            "markers": "python_version >= '3.6'",
            "version": "==3.15.1"
        },
        "djangorestframework-simplejwt": {
            "hashes": [
                "sha256:381bc966aa46913905629d472cd72ad45faa265509764e20ffd440164c88d220",
                "sha256:6c4bd37537440bc439564ebf7d6085e74c5411485197073f508ebdfa34bc9fae"
            ],
            "index": "pypi",
            "markers": "python_version >= '3.8'",
            "version": "==5.3.1"
        },
        "drf-yasg": {
            "hashes": [
                "sha256:4c3b93068b3dfca6969ab111155e4dd6f7b2d680b98778de8fd460b7837bdb0d",
                "sha256:f85642072c35e684356475781b7ecf5d218fff2c6185c040664dd49f0a4be181"
            ],
            "index": "pypi",
            "markers": "python_version >= '3.6'",
            "version": "==1.21.7"
        },
        "inflection": {
            "hashes": [
                "sha256:1a29730d366e996aaacffb2f1f1cb9593dc38e2ddd30c91250c6dde09ea9b417",
                "sha256:f38b2b640938a4f35ade69ac3d053042959b62a0f1076a5bbaa1b9526605a8a2"
            ],
            "markers": "python_version >= '3.5'",
            "version": "==0.5.1"
        },
        "markdown": {
            "hashes": [
                "sha256:48f276f4d8cfb8ce6527c8f79e2ee29708508bf4d40aa410fbc3b4ee832c850f",
                "sha256:ed4f41f6daecbeeb96e576ce414c41d2d876daa9a16cb35fa8ed8c2ddfad0224"
            ],
            "index": "pypi",
            "markers": "python_version >= '3.8'",
            "version": "==3.6"
        },
        "mysqlclient": {
            "hashes": [
                "sha256:329e4eec086a2336fe3541f1ce095d87a6f169d1cc8ba7b04ac68bcb234c9711",
                "sha256:33bc9fb3464e7d7c10b1eaf7336c5ff8f2a3d3b88bab432116ad2490beb3bf41",
                "sha256:3c318755e06df599338dad7625f884b8a71fcf322a9939ef78c9b3db93e1de7a",
                "sha256:4e80dcad884dd6e14949ac6daf769123223a52a6805345608bf49cdaf7bc8b3a",
                "sha256:9d3310295cb682232cadc28abd172f406c718b9ada41d2371259098ae37779d3",
                "sha256:9d4c015480c4a6b2b1602eccd9846103fc70606244788d04aa14b31c4bd1f0e2",
                "sha256:ac44777eab0a66c14cb0d38965572f762e193ec2e5c0723bcd11319cc5b693c5",
                "sha256:d43987bb9626096a302ca6ddcdd81feaeca65ced1d5fe892a6a66b808326aa54",
                "sha256:e1ebe3f41d152d7cb7c265349fdb7f1eca86ccb0ca24a90036cde48e00ceb2ab"
            ],
            "index": "pypi",
            "markers": "python_version >= '3.8'",
            "version": "==2.2.4"
        },
        "packaging": {
            "hashes": [
                "sha256:026ed72c8ed3fcce5bf8950572258698927fd1dbda10a5e981cdf0ac37f4f002",
                "sha256:5b8f2217dbdbd2f7f384c41c628544e6d52f2d0f53c6d0c3ea61aa5d1d7ff124"
            ],
            "markers": "python_version >= '3.8'",
            "version": "==24.1"
        },
        "pyjwt": {
            "hashes": [
                "sha256:3b02fb0f44517787776cf48f2ae25d8e14f300e6d7545a4315cee571a415e850",
                "sha256:7e1e5b56cc735432a7369cbfa0efe50fa113ebecdc04ae6922deba8b84582d0c"
            ],
            "markers": "python_version >= '3.8'",
            "version": "==2.9.0"
        },
        "pytz": {
            "hashes": [
                "sha256:2aa355083c50a0f93fa581709deac0c9ad65cca8a9e9beac660adcbd493c798a",
                "sha256:31c7c1817eb7fae7ca4b8c7ee50c72f93aa2dd863de768e1ef4245d426aa0725"
            ],
            "version": "==2024.2"
        },
        "pyyaml": {
            "hashes": [
                "sha256:01179a4a8559ab5de078078f37e5c1a30d76bb88519906844fd7bdea1b7729ff",
                "sha256:0833f8694549e586547b576dcfaba4a6b55b9e96098b36cdc7ebefe667dfed48",
                "sha256:0a9a2848a5b7feac301353437eb7d5957887edbf81d56e903999a75a3d743086",
                "sha256:0b69e4ce7a131fe56b7e4d770c67429700908fc0752af059838b1cfb41960e4e",
                "sha256:0ffe8360bab4910ef1b9e87fb812d8bc0a308b0d0eef8c8f44e0254ab3b07133",
                "sha256:11d8f3dd2b9c1207dcaf2ee0bbbfd5991f571186ec9cc78427ba5bd32afae4b5",
                "sha256:17e311b6c678207928d649faa7cb0d7b4c26a0ba73d41e99c4fff6b6c3276484",
                "sha256:1e2120ef853f59c7419231f3bf4e7021f1b936f6ebd222406c3b60212205d2ee",
                "sha256:1f71ea527786de97d1a0cc0eacd1defc0985dcf6b3f17bb77dcfc8c34bec4dc5",
                "sha256:23502f431948090f597378482b4812b0caae32c22213aecf3b55325e049a6c68",
                "sha256:24471b829b3bf607e04e88d79542a9d48bb037c2267d7927a874e6c205ca7e9a",
                "sha256:29717114e51c84ddfba879543fb232a6ed60086602313ca38cce623c1d62cfbf",
                "sha256:2e99c6826ffa974fe6e27cdb5ed0021786b03fc98e5ee3c5bfe1fd5015f42b99",
                "sha256:39693e1f8320ae4f43943590b49779ffb98acb81f788220ea932a6b6c51004d8",
                "sha256:3ad2a3decf9aaba3d29c8f537ac4b243e36bef957511b4766cb0057d32b0be85",
                "sha256:3b1fdb9dc17f5a7677423d508ab4f243a726dea51fa5e70992e59a7411c89d19",
                "sha256:41e4e3953a79407c794916fa277a82531dd93aad34e29c2a514c2c0c5fe971cc",
                "sha256:43fa96a3ca0d6b1812e01ced1044a003533c47f6ee8aca31724f78e93ccc089a",
                "sha256:50187695423ffe49e2deacb8cd10510bc361faac997de9efef88badc3bb9e2d1",
                "sha256:5ac9328ec4831237bec75defaf839f7d4564be1e6b25ac710bd1a96321cc8317",
                "sha256:5d225db5a45f21e78dd9358e58a98702a0302f2659a3c6cd320564b75b86f47c",
                "sha256:6395c297d42274772abc367baaa79683958044e5d3835486c16da75d2a694631",
                "sha256:688ba32a1cffef67fd2e9398a2efebaea461578b0923624778664cc1c914db5d",
                "sha256:68ccc6023a3400877818152ad9a1033e3db8625d899c72eacb5a668902e4d652",
                "sha256:70b189594dbe54f75ab3a1acec5f1e3faa7e8cf2f1e08d9b561cb41b845f69d5",
                "sha256:797b4f722ffa07cc8d62053e4cff1486fa6dc094105d13fea7b1de7d8bf71c9e",
                "sha256:7c36280e6fb8385e520936c3cb3b8042851904eba0e58d277dca80a5cfed590b",
                "sha256:7e7401d0de89a9a855c839bc697c079a4af81cf878373abd7dc625847d25cbd8",
                "sha256:80bab7bfc629882493af4aa31a4cfa43a4c57c83813253626916b8c7ada83476",
                "sha256:82d09873e40955485746739bcb8b4586983670466c23382c19cffecbf1fd8706",
                "sha256:8388ee1976c416731879ac16da0aff3f63b286ffdd57cdeb95f3f2e085687563",
                "sha256:8824b5a04a04a047e72eea5cec3bc266db09e35de6bdfe34c9436ac5ee27d237",
                "sha256:8b9c7197f7cb2738065c481a0461e50ad02f18c78cd75775628afb4d7137fb3b",
                "sha256:9056c1ecd25795207ad294bcf39f2db3d845767be0ea6e6a34d856f006006083",
                "sha256:936d68689298c36b53b29f23c6dbb74de12b4ac12ca6cfe0e047bedceea56180",
                "sha256:9b22676e8097e9e22e36d6b7bda33190d0d400f345f23d4065d48f4ca7ae0425",
                "sha256:a4d3091415f010369ae4ed1fc6b79def9416358877534caf6a0fdd2146c87a3e",
                "sha256:a8786accb172bd8afb8be14490a16625cbc387036876ab6ba70912730faf8e1f",
                "sha256:a9f8c2e67970f13b16084e04f134610fd1d374bf477b17ec1599185cf611d725",
                "sha256:bc2fa7c6b47d6bc618dd7fb02ef6fdedb1090ec036abab80d4681424b84c1183",
                "sha256:c70c95198c015b85feafc136515252a261a84561b7b1d51e3384e0655ddf25ab",
                "sha256:cc1c1159b3d456576af7a3e4d1ba7e6924cb39de8f67111c735f6fc832082774",
                "sha256:ce826d6ef20b1bc864f0a68340c8b3287705cae2f8b4b1d932177dcc76721725",
                "sha256:d584d9ec91ad65861cc08d42e834324ef890a082e591037abe114850ff7bbc3e",
                "sha256:d7fded462629cfa4b685c5416b949ebad6cec74af5e2d42905d41e257e0869f5",
                "sha256:d84a1718ee396f54f3a086ea0a66d8e552b2ab2017ef8b420e92edbc841c352d",
                "sha256:d8e03406cac8513435335dbab54c0d385e4a49e4945d2909a581c83647ca0290",
                "sha256:e10ce637b18caea04431ce14fabcf5c64a1c61ec9c56b071a4b7ca131ca52d44",
                "sha256:ec031d5d2feb36d1d1a24380e4db6d43695f3748343d99434e6f5f9156aaa2ed",
                "sha256:ef6107725bd54b262d6dedcc2af448a266975032bc85ef0172c5f059da6325b4",
                "sha256:efdca5630322a10774e8e98e1af481aad470dd62c3170801852d752aa7a783ba",
                "sha256:f753120cb8181e736c57ef7636e83f31b9c0d1722c516f7e86cf15b7aa57ff12",
                "sha256:ff3824dc5261f50c9b0dfb3be22b4567a6f938ccce4587b38952d85fd9e9afe4"
            ],
            "markers": "python_version >= '3.8'",
            "version": "==6.0.2"
        },
        "sqlparse": {
            "hashes": [
                "sha256:773dcbf9a5ab44a090f3441e2180efe2560220203dc2f8c0b0fa141e18b505e4",
                "sha256:bb6b4df465655ef332548e24f08e205afc81b9ab86cb1c45657a7ff173a3a00e"
            ],
            "markers": "python_version >= '3.8'",
            "version": "==0.5.1"
        },
        "uritemplate": {
            "hashes": [
                "sha256:4346edfc5c3b79f694bccd6d6099a322bbeb628dbf2cd86eea55a456ce5124f0",
                "sha256:830c08b8d99bdd312ea4ead05994a38e8936266f84b9a7878232db50b044e02e"
            ],
            "markers": "python_version >= '3.6'",
            "version": "==4.1.1"
        }
    },
    "develop": {
        "coverage": {
            "extras": [
                "toml"
            ],
            "hashes": [
                "sha256:04f2189716e85ec9192df307f7c255f90e78b6e9863a03223c3b998d24a3c6c6",
                "sha256:0c6c0f4d53ef603397fc894a895b960ecd7d44c727df42a8d500031716d4e8d2",
                "sha256:0ca37993206402c6c35dc717f90d4c8f53568a8b80f0bf1a1b2b334f4d488fba",
                "sha256:12f9515d875859faedb4144fd38694a761cd2a61ef9603bf887b13956d0bbfbb",
                "sha256:1990b1f4e2c402beb317840030bb9f1b6a363f86e14e21b4212e618acdfce7f6",
                "sha256:2341a78ae3a5ed454d524206a3fcb3cec408c2a0c7c2752cd78b606a2ff15af4",
                "sha256:23bb63ae3f4c645d2d82fa22697364b0046fbafb6261b258a58587441c5f7bd0",
                "sha256:27bd5f18d8f2879e45724b0ce74f61811639a846ff0e5c0395b7818fae87aec6",
                "sha256:2dc7d6b380ca76f5e817ac9eef0c3686e7834c8346bef30b041a4ad286449990",
                "sha256:331b200ad03dbaa44151d74daeb7da2cf382db424ab923574f6ecca7d3b30de3",
                "sha256:365defc257c687ce3e7d275f39738dcd230777424117a6c76043459db131dd43",
                "sha256:37be7b5ea3ff5b7c4a9db16074dc94523b5f10dd1f3b362a827af66a55198175",
                "sha256:3c2e6fa98032fec8282f6b27e3f3986c6e05702828380618776ad794e938f53a",
                "sha256:40e8b1983080439d4802d80b951f4a93d991ef3261f69e81095a66f86cf3c3c6",
                "sha256:43517e1f6b19f610a93d8227e47790722c8bf7422e46b365e0469fc3d3563d97",
                "sha256:43b32a06c47539fe275106b376658638b418c7cfdfff0e0259fbf877e845f14b",
                "sha256:43d6a66e33b1455b98fc7312b124296dad97a2e191c80320587234a77b1b736e",
                "sha256:4c59d6a4a4633fad297f943c03d0d2569867bd5372eb5684befdff8df8522e39",
                "sha256:52ac29cc72ee7e25ace7807249638f94c9b6a862c56b1df015d2b2e388e51dbd",
                "sha256:54356a76b67cf8a3085818026bb556545ebb8353951923b88292556dfa9f812d",
                "sha256:583049c63106c0555e3ae3931edab5669668bbef84c15861421b94e121878d3f",
                "sha256:6d99198203f0b9cb0b5d1c0393859555bc26b548223a769baf7e321a627ed4fc",
                "sha256:6da42bbcec130b188169107ecb6ee7bd7b4c849d24c9370a0c884cf728d8e976",
                "sha256:6e484e479860e00da1f005cd19d1c5d4a813324e5951319ac3f3eefb497cc549",
                "sha256:70a6756ce66cd6fe8486c775b30889f0dc4cb20c157aa8c35b45fd7868255c5c",
                "sha256:70d24936ca6c15a3bbc91ee9c7fc661132c6f4c9d42a23b31b6686c05073bde5",
                "sha256:71967c35828c9ff94e8c7d405469a1fb68257f686bca7c1ed85ed34e7c2529c4",
                "sha256:79644f68a6ff23b251cae1c82b01a0b51bc40c8468ca9585c6c4b1aeee570e0b",
                "sha256:87cd2e29067ea397a47e352efb13f976eb1b03e18c999270bb50589323294c6e",
                "sha256:8d4c6ea0f498c7c79111033a290d060c517853a7bcb2f46516f591dab628ddd3",
                "sha256:9134032f5aa445ae591c2ba6991d10136a1f533b1d2fa8f8c21126468c5025c6",
                "sha256:921fbe13492caf6a69528f09d5d7c7d518c8d0e7b9f6701b7719715f29a71e6e",
                "sha256:99670790f21a96665a35849990b1df447993880bb6463a0a1d757897f30da929",
                "sha256:9975442f2e7a5cfcf87299c26b5a45266ab0696348420049b9b94b2ad3d40234",
                "sha256:99ded130555c021d99729fabd4ddb91a6f4cc0707df4b1daf912c7850c373b13",
                "sha256:a3328c3e64ea4ab12b85999eb0779e6139295bbf5485f69d42cf794309e3d007",
                "sha256:a4fb91d5f72b7e06a14ff4ae5be625a81cd7e5f869d7a54578fc271d08d58ae3",
                "sha256:aa23ce39661a3e90eea5f99ec59b763b7d655c2cada10729ed920a38bfc2b167",
                "sha256:aac7501ae73d4a02f4b7ac8fcb9dc55342ca98ffb9ed9f2dfb8a25d53eda0e4d",
                "sha256:ab84a8b698ad5a6c365b08061920138e7a7dd9a04b6feb09ba1bfae68346ce6d",
                "sha256:b4adeb878a374126f1e5cf03b87f66279f479e01af0e9a654cf6d1509af46c40",
                "sha256:b9853509b4bf57ba7b1f99b9d866c422c9c5248799ab20e652bbb8a184a38181",
                "sha256:bb7d5fe92bd0dc235f63ebe9f8c6e0884f7360f88f3411bfed1350c872ef2054",
                "sha256:bca4c8abc50d38f9773c1ec80d43f3768df2e8576807d1656016b9d3eeaa96fd",
                "sha256:c222958f59b0ae091f4535851cbb24eb57fc0baea07ba675af718fb5302dddb2",
                "sha256:c30e42ea11badb147f0d2e387115b15e2bd8205a5ad70d6ad79cf37f6ac08c91",
                "sha256:c3a79f56dee9136084cf84a6c7c4341427ef36e05ae6415bf7d787c96ff5eaa3",
                "sha256:c51ef82302386d686feea1c44dbeef744585da16fcf97deea2a8d6c1556f519b",
                "sha256:c77326300b839c44c3e5a8fe26c15b7e87b2f32dfd2fc9fee1d13604347c9b38",
                "sha256:d33a785ea8354c480515e781554d3be582a86297e41ccbea627a5c632647f2cd",
                "sha256:d546cfa78844b8b9c1c0533de1851569a13f87449897bbc95d698d1d3cb2a30f",
                "sha256:da29ceabe3025a1e5a5aeeb331c5b1af686daab4ff0fb4f83df18b1180ea83e2",
                "sha256:df8c05a0f574d480947cba11b947dc41b1265d721c3777881da2fb8d3a1ddfba",
                "sha256:e266af4da2c1a4cbc6135a570c64577fd3e6eb204607eaff99d8e9b710003c6f",
                "sha256:e279f3db904e3b55f520f11f983cc8dc8a4ce9b65f11692d4718ed021ec58b83",
                "sha256:ea52bd218d4ba260399a8ae4bb6b577d82adfc4518b93566ce1fddd4a49d1dce",
                "sha256:ebec65f5068e7df2d49466aab9128510c4867e532e07cb6960075b27658dca38",
                "sha256:ec1e3b40b82236d100d259854840555469fad4db64f669ab817279eb95cd535c",
                "sha256:ee77c7bef0724165e795b6b7bf9c4c22a9b8468a6bdb9c6b4281293c6b22a90f",
                "sha256:f263b18692f8ed52c8de7f40a0751e79015983dbd77b16906e5b310a39d3ca21",
                "sha256:f7b26757b22faf88fcf232f5f0e62f6e0fd9e22a8a5d0d5016888cdfe1f6c1c4",
                "sha256:f7ddb920106bbbbcaf2a274d56f46956bf56ecbde210d88061824a95bdd94e92"
            ],
            "markers": "python_version >= '3.9'",
            "version": "==7.6.3"
        },
        "iniconfig": {
            "hashes": [
                "sha256:2d91e135bf72d31a410b17c16da610a82cb55f6b0477d1a902134b24a455b8b3",
                "sha256:b6a85871a79d2e3b22d2d1b94ac2824226a63c6b741c88f7ae975f18b6778374"
            ],
            "markers": "python_version >= '3.7'",
            "version": "==2.0.0"
        },
        "packaging": {
            "hashes": [
                "sha256:026ed72c8ed3fcce5bf8950572258698927fd1dbda10a5e981cdf0ac37f4f002",
                "sha256:5b8f2217dbdbd2f7f384c41c628544e6d52f2d0f53c6d0c3ea61aa5d1d7ff124"
            ],
            "markers": "python_version >= '3.8'",
            "version": "==24.1"
        },
        "pluggy": {
            "hashes": [
                "sha256:2cffa88e94fdc978c4c574f15f9e59b7f4201d439195c3715ca9e2486f1d0cf1",
                "sha256:44e1ad92c8ca002de6377e165f3e0f1be63266ab4d554740532335b9d75ea669"
            ],
            "markers": "python_version >= '3.8'",
            "version": "==1.5.0"
        },
        "pytest": {
            "hashes": [
                "sha256:70b98107bd648308a7952b06e6ca9a50bc660be218d53c257cc1fc94fda10181",
                "sha256:a6853c7375b2663155079443d2e45de913a911a11d669df02a50814944db57b2"
            ],
            "index": "pypi",
            "markers": "python_version >= '3.8'",
            "version": "==8.3.3"
        },
        "pytest-cov": {
            "hashes": [
                "sha256:4f0764a1219df53214206bf1feea4633c3b558a2925c8b59f144f682861ce652",
                "sha256:5837b58e9f6ebd335b0f8060eecce69b662415b16dc503883a02f45dfeb14857"
            ],
            "index": "pypi",
            "markers": "python_version >= '3.8'",
            "version": "==5.0.0"
        },
        "pytest-django": {
            "hashes": [
                "sha256:1d83692cb39188682dbb419ff0393867e9904094a549a7d38a3154d5731b2b99",
                "sha256:8bf7bc358c9ae6f6fc51b6cebb190fe20212196e6807121f11bd6a3b03428314"
            ],
            "index": "pypi",
            "markers": "python_version >= '3.8'",
            "version": "==4.9.0"
        }
    }
}
